
Microsoft Visual Studio Solution File, Format Version 12.00
# Visual Studio Version 16
VisualStudioVersion = 16.0.30523.141
MinimumVisualStudioVersion = 10.0.40219.1
Project("{FAE04EC0-301F-11D3-BF4B-00C04F79EFBC}") = "ЛБ4_З1", "ЛБ4_З1\ЛБ4_З1.csproj", "{BD211EED-F60D-4BD4-A26B-8FFBDABA366A}"
EndProject
Global
	GlobalSection(SolutionConfigurationPlatforms) = preSolution
		Debug|Any CPU = Debug|Any CPU
		Release|Any CPU = Release|Any CPU
	EndGlobalSection
	GlobalSection(ProjectConfigurationPlatforms) = postSolution
		{BD211EED-F60D-4BD4-A26B-8FFBDABA366A}.Debug|Any CPU.ActiveCfg = Debug|Any CPU
		{BD211EED-F60D-4BD4-A26B-8FFBDABA366A}.Debug|Any CPU.Build.0 = Debug|Any CPU
		{BD211EED-F60D-4BD4-A26B-8FFBDABA366A}.Release|Any CPU.ActiveCfg = Release|Any CPU
		{BD211EED-F60D-4BD4-A26B-8FFBDABA366A}.Release|Any CPU.Build.0 = Release|Any CPU
	EndGlobalSection
	GlobalSection(SolutionProperties) = preSolution
		HideSolutionNode = FALSE
	EndGlobalSection
	GlobalSection(ExtensibilityGlobals) = postSolution
		SolutionGuid = {FB49807D-6AF3-4C53-AECC-792AEC429C60}
	EndGlobalSection
EndGlobal
